// !$*UTF8*$!
{
	archiveVersion = 1;
	classes = {
	};
	objectVersion = 46;
	objects = {

/* Begin PBXBuildFile section */
		44D5B80E18AF7B600034A875 /* Foundation.framework in Frameworks */ = {isa = PBXBuildFile; fileRef = 44D5B80D18AF7B600034A875 /* Foundation.framework */; };
		44D5B81018AF7B600034A875 /* CoreGraphics.framework in Frameworks */ = {isa = PBXBuildFile; fileRef = 44D5B80F18AF7B600034A875 /* CoreGraphics.framework */; };
		44D5B81218AF7B600034A875 /* UIKit.framework in Frameworks */ = {isa = PBXBuildFile; fileRef = 44D5B81118AF7B600034A875 /* UIKit.framework */; };
		44D5B81818AF7B600034A875 /* InfoPlist.strings in Resources */ = {isa = PBXBuildFile; fileRef = 44D5B81618AF7B600034A875 /* InfoPlist.strings */; };
		44D5B81A18AF7B600034A875 /* main.m in Sources */ = {isa = PBXBuildFile; fileRef = 44D5B81918AF7B600034A875 /* main.m */; };
		44D5B81E18AF7B600034A875 /* EPVAppDelegate.m in Sources */ = {isa = PBXBuildFile; fileRef = 44D5B81D18AF7B600034A875 /* EPVAppDelegate.m */; };
		44D5B82018AF7B600034A875 /* Images.xcassets in Resources */ = {isa = PBXBuildFile; fileRef = 44D5B81F18AF7B600034A875 /* Images.xcassets */; };
		44D5B82718AF7B600034A875 /* XCTest.framework in Frameworks */ = {isa = PBXBuildFile; fileRef = 44D5B82618AF7B600034A875 /* XCTest.framework */; };
		44D5B82818AF7B600034A875 /* Foundation.framework in Frameworks */ = {isa = PBXBuildFile; fileRef = 44D5B80D18AF7B600034A875 /* Foundation.framework */; };
		44D5B82918AF7B600034A875 /* UIKit.framework in Frameworks */ = {isa = PBXBuildFile; fileRef = 44D5B81118AF7B600034A875 /* UIKit.framework */; };
		44D5B83118AF7B600034A875 /* InfoPlist.strings in Resources */ = {isa = PBXBuildFile; fileRef = 44D5B82F18AF7B600034A875 /* InfoPlist.strings */; };
		44D5B83318AF7B600034A875 /* RDHExpandingPickerViewsTests.m in Sources */ = {isa = PBXBuildFile; fileRef = 44D5B83218AF7B600034A875 /* RDHExpandingPickerViewsTests.m */; };
		44D5B84D18AF84800034A875 /* EPVViewController.m in Sources */ = {isa = PBXBuildFile; fileRef = 44D5B84C18AF84800034A875 /* EPVViewController.m */; };
		B561668A53374483A8CD7EA1 /* libPods.a in Frameworks */ = {isa = PBXBuildFile; fileRef = 3360A9F4CF934E56B3235F72 /* libPods.a */; };
/* End PBXBuildFile section */

/* Begin PBXContainerItemProxy section */
		44D5B82A18AF7B600034A875 /* PBXContainerItemProxy */ = {
			isa = PBXContainerItemProxy;
			containerPortal = 44D5B80218AF7B600034A875 /* Project object */;
			proxyType = 1;
			remoteGlobalIDString = 44D5B80918AF7B600034A875;
			remoteInfo = RDHExpandingPickerViews;
		};
/* End PBXContainerItemProxy section */

/* Begin PBXFileReference section */
		3360A9F4CF934E56B3235F72 /* libPods.a */ = {isa = PBXFileReference; explicitFileType = archive.ar; includeInIndex = 0; path = libPods.a; sourceTree = BUILT_PRODUCTS_DIR; };
		4499E90B18AFC5B200C49C4D /* EPVExpandingPickerView.h */ = {isa = PBXFileReference; lastKnownFileType = sourcecode.c.h; path = EPVExpandingPickerView.h; sourceTree = "<group>"; };
		4499E90C18AFC5B200C49C4D /* EPVExpandingPickerView.m */ = {isa = PBXFileReference; lastKnownFileType = sourcecode.c.objc; path = EPVExpandingPickerView.m; sourceTree = "<group>"; };
		4499E90D18AFDA8200C49C4D /* NSValue+RDHSelector.h */ = {isa = PBXFileReference; fileEncoding = 4; lastKnownFileType = sourcecode.c.h; path = "NSValue+RDHSelector.h"; sourceTree = "<group>"; };
		4499E90E18AFDA8200C49C4D /* NSValue+RDHSelector.m */ = {isa = PBXFileReference; fileEncoding = 4; lastKnownFileType = sourcecode.c.objc; path = "NSValue+RDHSelector.m"; sourceTree = "<group>"; };
		4499E91018B003F200C49C4D /* EPVDatePicker.h */ = {isa = PBXFileReference; lastKnownFileType = sourcecode.c.h; path = EPVDatePicker.h; sourceTree = "<group>"; };
		4499E91118B003F200C49C4D /* EPVDatePicker.m */ = {isa = PBXFileReference; lastKnownFileType = sourcecode.c.objc; path = EPVDatePicker.m; sourceTree = "<group>"; };
		4499E91218B0F60400C49C4D /* UIImage+RDHColor.h */ = {isa = PBXFileReference; lastKnownFileType = sourcecode.c.h; path = "UIImage+RDHColor.h"; sourceTree = "<group>"; };
		4499E91318B0F60400C49C4D /* UIImage+RDHColor.m */ = {isa = PBXFileReference; lastKnownFileType = sourcecode.c.objc; path = "UIImage+RDHColor.m"; sourceTree = "<group>"; };
		44D5B80A18AF7B600034A875 /* RDHExpandingPickerViews.app */ = {isa = PBXFileReference; explicitFileType = wrapper.application; includeInIndex = 0; path = RDHExpandingPickerViews.app; sourceTree = BUILT_PRODUCTS_DIR; };
		44D5B80D18AF7B600034A875 /* Foundation.framework */ = {isa = PBXFileReference; lastKnownFileType = wrapper.framework; name = Foundation.framework; path = System/Library/Frameworks/Foundation.framework; sourceTree = SDKROOT; };
		44D5B80F18AF7B600034A875 /* CoreGraphics.framework */ = {isa = PBXFileReference; lastKnownFileType = wrapper.framework; name = CoreGraphics.framework; path = System/Library/Frameworks/CoreGraphics.framework; sourceTree = SDKROOT; };
		44D5B81118AF7B600034A875 /* UIKit.framework */ = {isa = PBXFileReference; lastKnownFileType = wrapper.framework; name = UIKit.framework; path = System/Library/Frameworks/UIKit.framework; sourceTree = SDKROOT; };
		44D5B81518AF7B600034A875 /* RDHExpandingPickerViews-Info.plist */ = {isa = PBXFileReference; lastKnownFileType = text.plist.xml; path = "RDHExpandingPickerViews-Info.plist"; sourceTree = "<group>"; };
		44D5B81718AF7B600034A875 /* en */ = {isa = PBXFileReference; lastKnownFileType = text.plist.strings; name = en; path = en.lproj/InfoPlist.strings; sourceTree = "<group>"; };
		44D5B81918AF7B600034A875 /* main.m */ = {isa = PBXFileReference; lastKnownFileType = sourcecode.c.objc; path = main.m; sourceTree = "<group>"; };
		44D5B81B18AF7B600034A875 /* RDHExpandingPickerViews-Prefix.pch */ = {isa = PBXFileReference; lastKnownFileType = sourcecode.c.h; path = "RDHExpandingPickerViews-Prefix.pch"; sourceTree = "<group>"; };
		44D5B81C18AF7B600034A875 /* EPVAppDelegate.h */ = {isa = PBXFileReference; lastKnownFileType = sourcecode.c.h; path = EPVAppDelegate.h; sourceTree = "<group>"; };
		44D5B81D18AF7B600034A875 /* EPVAppDelegate.m */ = {isa = PBXFileReference; lastKnownFileType = sourcecode.c.objc; path = EPVAppDelegate.m; sourceTree = "<group>"; };
		44D5B81F18AF7B600034A875 /* Images.xcassets */ = {isa = PBXFileReference; lastKnownFileType = folder.assetcatalog; path = Images.xcassets; sourceTree = "<group>"; };
		44D5B82518AF7B600034A875 /* RDHExpandingPickerViewsTests.xctest */ = {isa = PBXFileReference; explicitFileType = wrapper.cfbundle; includeInIndex = 0; path = RDHExpandingPickerViewsTests.xctest; sourceTree = BUILT_PRODUCTS_DIR; };
		44D5B82618AF7B600034A875 /* XCTest.framework */ = {isa = PBXFileReference; lastKnownFileType = wrapper.framework; name = XCTest.framework; path = Library/Frameworks/XCTest.framework; sourceTree = DEVELOPER_DIR; };
		44D5B82E18AF7B600034A875 /* RDHExpandingPickerViewsTests-Info.plist */ = {isa = PBXFileReference; lastKnownFileType = text.plist.xml; path = "RDHExpandingPickerViewsTests-Info.plist"; sourceTree = "<group>"; };
		44D5B83018AF7B600034A875 /* en */ = {isa = PBXFileReference; lastKnownFileType = text.plist.strings; name = en; path = en.lproj/InfoPlist.strings; sourceTree = "<group>"; };
		44D5B83218AF7B600034A875 /* RDHExpandingPickerViewsTests.m */ = {isa = PBXFileReference; lastKnownFileType = sourcecode.c.objc; path = RDHExpandingPickerViewsTests.m; sourceTree = "<group>"; };
		44D5B84818AF83720034A875 /* EPVBaseContainerInputView.h */ = {isa = PBXFileReference; lastKnownFileType = sourcecode.c.h; path = EPVBaseContainerInputView.h; sourceTree = "<group>"; };
		44D5B84918AF83720034A875 /* EPVBaseContainerInputView.m */ = {isa = PBXFileReference; lastKnownFileType = sourcecode.c.objc; path = EPVBaseContainerInputView.m; sourceTree = "<group>"; };
		44D5B84B18AF84800034A875 /* EPVViewController.h */ = {isa = PBXFileReference; fileEncoding = 4; lastKnownFileType = sourcecode.c.h; path = EPVViewController.h; sourceTree = "<group>"; };
		44D5B84C18AF84800034A875 /* EPVViewController.m */ = {isa = PBXFileReference; fileEncoding = 4; lastKnownFileType = sourcecode.c.objc; path = EPVViewController.m; sourceTree = "<group>"; };
		44D5B84E18AF86530034A875 /* EPVDatePickerInputView.h */ = {isa = PBXFileReference; lastKnownFileType = sourcecode.c.h; path = EPVDatePickerInputView.h; sourceTree = "<group>"; };
		44D5B84F18AF86530034A875 /* EPVDatePickerInputView.m */ = {isa = PBXFileReference; lastKnownFileType = sourcecode.c.objc; path = EPVDatePickerInputView.m; sourceTree = "<group>"; };
		44D5B85018AF87E50034A875 /* EPVBaseContainerInputView_EPVInternal.h */ = {isa = PBXFileReference; lastKnownFileType = sourcecode.c.h; path = EPVBaseContainerInputView_EPVInternal.h; sourceTree = "<group>"; };
		44D5B85118AF8B0C0034A875 /* EPVActivationButton.h */ = {isa = PBXFileReference; lastKnownFileType = sourcecode.c.h; path = EPVActivationButton.h; sourceTree = "<group>"; };
		44D5B85218AF8B0C0034A875 /* EPVActivationButton.m */ = {isa = PBXFileReference; lastKnownFileType = sourcecode.c.objc; path = EPVActivationButton.m; sourceTree = "<group>"; };
		9240D29960E1496999656D9E /* Pods.xcconfig */ = {isa = PBXFileReference; includeInIndex = 1; lastKnownFileType = text.xcconfig; name = Pods.xcconfig; path = Pods/Pods.xcconfig; sourceTree = "<group>"; };
/* End PBXFileReference section */

/* Begin PBXFrameworksBuildPhase section */
		44D5B80718AF7B600034A875 /* Frameworks */ = {
			isa = PBXFrameworksBuildPhase;
			buildActionMask = 2147483647;
			files = (
				44D5B81018AF7B600034A875 /* CoreGraphics.framework in Frameworks */,
				44D5B81218AF7B600034A875 /* UIKit.framework in Frameworks */,
				44D5B80E18AF7B600034A875 /* Foundation.framework in Frameworks */,
				B561668A53374483A8CD7EA1 /* libPods.a in Frameworks */,
			);
			runOnlyForDeploymentPostprocessing = 0;
		};
		44D5B82218AF7B600034A875 /* Frameworks */ = {
			isa = PBXFrameworksBuildPhase;
			buildActionMask = 2147483647;
			files = (
				44D5B82718AF7B600034A875 /* XCTest.framework in Frameworks */,
				44D5B82918AF7B600034A875 /* UIKit.framework in Frameworks */,
				44D5B82818AF7B600034A875 /* Foundation.framework in Frameworks */,
			);
			runOnlyForDeploymentPostprocessing = 0;
		};
/* End PBXFrameworksBuildPhase section */

/* Begin PBXGroup section */
		44D5B80118AF7B600034A875 = {
			isa = PBXGroup;
			children = (
				44D5B84518AF83720034A875 /* Classes */,
				44D5B81318AF7B600034A875 /* RDHExpandingPickerViews */,
				44D5B82C18AF7B600034A875 /* RDHExpandingPickerViewsTests */,
				44D5B80C18AF7B600034A875 /* Frameworks */,
				44D5B80B18AF7B600034A875 /* Products */,
				9240D29960E1496999656D9E /* Pods.xcconfig */,
			);
			sourceTree = "<group>";
		};
		44D5B80B18AF7B600034A875 /* Products */ = {
			isa = PBXGroup;
			children = (
				44D5B80A18AF7B600034A875 /* RDHExpandingPickerViews.app */,
				44D5B82518AF7B600034A875 /* RDHExpandingPickerViewsTests.xctest */,
			);
			name = Products;
			sourceTree = "<group>";
		};
		44D5B80C18AF7B600034A875 /* Frameworks */ = {
			isa = PBXGroup;
			children = (
				44D5B80D18AF7B600034A875 /* Foundation.framework */,
				44D5B80F18AF7B600034A875 /* CoreGraphics.framework */,
				44D5B81118AF7B600034A875 /* UIKit.framework */,
				44D5B82618AF7B600034A875 /* XCTest.framework */,
				3360A9F4CF934E56B3235F72 /* libPods.a */,
			);
			name = Frameworks;
			sourceTree = "<group>";
		};
		44D5B81318AF7B600034A875 /* RDHExpandingPickerViews */ = {
			isa = PBXGroup;
			children = (
				44D5B81C18AF7B600034A875 /* EPVAppDelegate.h */,
				44D5B81D18AF7B600034A875 /* EPVAppDelegate.m */,
				44D5B84B18AF84800034A875 /* EPVViewController.h */,
				44D5B84C18AF84800034A875 /* EPVViewController.m */,
				44D5B81F18AF7B600034A875 /* Images.xcassets */,
				44D5B81418AF7B600034A875 /* Supporting Files */,
			);
			path = RDHExpandingPickerViews;
			sourceTree = "<group>";
		};
		44D5B81418AF7B600034A875 /* Supporting Files */ = {
			isa = PBXGroup;
			children = (
				44D5B81518AF7B600034A875 /* RDHExpandingPickerViews-Info.plist */,
				44D5B81618AF7B600034A875 /* InfoPlist.strings */,
				44D5B81918AF7B600034A875 /* main.m */,
				44D5B81B18AF7B600034A875 /* RDHExpandingPickerViews-Prefix.pch */,
			);
			name = "Supporting Files";
			sourceTree = "<group>";
		};
		44D5B82C18AF7B600034A875 /* RDHExpandingPickerViewsTests */ = {
			isa = PBXGroup;
			children = (
				44D5B83218AF7B600034A875 /* RDHExpandingPickerViewsTests.m */,
				44D5B82D18AF7B600034A875 /* Supporting Files */,
			);
			path = RDHExpandingPickerViewsTests;
			sourceTree = "<group>";
		};
		44D5B82D18AF7B600034A875 /* Supporting Files */ = {
			isa = PBXGroup;
			children = (
				44D5B82E18AF7B600034A875 /* RDHExpandingPickerViewsTests-Info.plist */,
				44D5B82F18AF7B600034A875 /* InfoPlist.strings */,
			);
			name = "Supporting Files";
			sourceTree = "<group>";
		};
		44D5B84518AF83720034A875 /* Classes */ = {
			isa = PBXGroup;
			children = (
				44D5B84718AF83720034A875 /* Internal */,
				44D5B84618AF83720034A875 /* DatePicker */,
				44D5B84A18AF83720034A875 /* Picker */,
			);
			name = Classes;
			path = ../RDHExpandingPickerViews;
			sourceTree = "<group>";
		};
		44D5B84618AF83720034A875 /* DatePicker */ = {
			isa = PBXGroup;
			children = (
				44D5B84E18AF86530034A875 /* EPVDatePickerInputView.h */,
				44D5B84F18AF86530034A875 /* EPVDatePickerInputView.m */,
			);
			path = DatePicker;
			sourceTree = "<group>";
		};
		44D5B84718AF83720034A875 /* Internal */ = {
			isa = PBXGroup;
			children = (
				44D5B85018AF87E50034A875 /* EPVBaseContainerInputView_EPVInternal.h */,
				44D5B84818AF83720034A875 /* EPVBaseContainerInputView.h */,
				44D5B84918AF83720034A875 /* EPVBaseContainerInputView.m */,
				44D5B85118AF8B0C0034A875 /* EPVActivationButton.h */,
				44D5B85218AF8B0C0034A875 /* EPVActivationButton.m */,
				4499E91018B003F200C49C4D /* EPVDatePicker.h */,
				4499E91118B003F200C49C4D /* EPVDatePicker.m */,
				4499E90D18AFDA8200C49C4D /* NSValue+RDHSelector.h */,
				4499E90E18AFDA8200C49C4D /* NSValue+RDHSelector.m */,
				4499E91218B0F60400C49C4D /* UIImage+RDHColor.h */,
				4499E91318B0F60400C49C4D /* UIImage+RDHColor.m */,
			);
			path = Internal;
			sourceTree = "<group>";
		};
		44D5B84A18AF83720034A875 /* Picker */ = {
			isa = PBXGroup;
			children = (
				4499E90B18AFC5B200C49C4D /* EPVExpandingPickerView.h */,
				4499E90C18AFC5B200C49C4D /* EPVExpandingPickerView.m */,
			);
			path = Picker;
			sourceTree = "<group>";
		};
/* End PBXGroup section */

/* Begin PBXNativeTarget section */
		44D5B80918AF7B600034A875 /* RDHExpandingPickerViews */ = {
			isa = PBXNativeTarget;
			buildConfigurationList = 44D5B83618AF7B600034A875 /* Build configuration list for PBXNativeTarget "RDHExpandingPickerViews" */;
			buildPhases = (
				4FFB3E91F25F49A987E601EE /* Check Pods Manifest.lock */,
				44D5B80618AF7B600034A875 /* Sources */,
				44D5B80718AF7B600034A875 /* Frameworks */,
				44D5B80818AF7B600034A875 /* Resources */,
				4687745D7D1F4664B9EEF66D /* Copy Pods Resources */,
			);
			buildRules = (
			);
			dependencies = (
			);
			name = RDHExpandingPickerViews;
			productName = RDHExpandingPickerViews;
			productReference = 44D5B80A18AF7B600034A875 /* RDHExpandingPickerViews.app */;
			productType = "com.apple.product-type.application";
		};
		44D5B82418AF7B600034A875 /* RDHExpandingPickerViewsTests */ = {
			isa = PBXNativeTarget;
			buildConfigurationList = 44D5B83918AF7B600034A875 /* Build configuration list for PBXNativeTarget "RDHExpandingPickerViewsTests" */;
			buildPhases = (
				44D5B82118AF7B600034A875 /* Sources */,
				44D5B82218AF7B600034A875 /* Frameworks */,
				44D5B82318AF7B600034A875 /* Resources */,
			);
			buildRules = (
			);
			dependencies = (
				44D5B82B18AF7B600034A875 /* PBXTargetDependency */,
			);
			name = RDHExpandingPickerViewsTests;
			productName = RDHExpandingPickerViewsTests;
			productReference = 44D5B82518AF7B600034A875 /* RDHExpandingPickerViewsTests.xctest */;
			productType = "com.apple.product-type.bundle.unit-test";
		};
/* End PBXNativeTarget section */

/* Begin PBXProject section */
		44D5B80218AF7B600034A875 /* Project object */ = {
			isa = PBXProject;
			attributes = {
				CLASSPREFIX = EPV;
				LastUpgradeCheck = 0500;
				ORGANIZATIONNAME = "Rich H";
				TargetAttributes = {
					44D5B82418AF7B600034A875 = {
						TestTargetID = 44D5B80918AF7B600034A875;
					};
				};
			};
			buildConfigurationList = 44D5B80518AF7B600034A875 /* Build configuration list for PBXProject "RDHExpandingPickerViews" */;
			compatibilityVersion = "Xcode 3.2";
			developmentRegion = English;
			hasScannedForEncodings = 0;
			knownRegions = (
				en,
			);
			mainGroup = 44D5B80118AF7B600034A875;
			productRefGroup = 44D5B80B18AF7B600034A875 /* Products */;
			projectDirPath = "";
			projectRoot = "";
			targets = (
				44D5B80918AF7B600034A875 /* RDHExpandingPickerViews */,
				44D5B82418AF7B600034A875 /* RDHExpandingPickerViewsTests */,
			);
		};
/* End PBXProject section */

/* Begin PBXResourcesBuildPhase section */
		44D5B80818AF7B600034A875 /* Resources */ = {
			isa = PBXResourcesBuildPhase;
			buildActionMask = 2147483647;
			files = (
				44D5B81818AF7B600034A875 /* InfoPlist.strings in Resources */,
				44D5B82018AF7B600034A875 /* Images.xcassets in Resources */,
			);
			runOnlyForDeploymentPostprocessing = 0;
		};
		44D5B82318AF7B600034A875 /* Resources */ = {
			isa = PBXResourcesBuildPhase;
			buildActionMask = 2147483647;
			files = (
				44D5B83118AF7B600034A875 /* InfoPlist.strings in Resources */,
			);
			runOnlyForDeploymentPostprocessing = 0;
		};
/* End PBXResourcesBuildPhase section */

/* Begin PBXShellScriptBuildPhase section */
		4687745D7D1F4664B9EEF66D /* Copy Pods Resources */ = {
			isa = PBXShellScriptBuildPhase;
			buildActionMask = 2147483647;
			files = (
			);
			inputPaths = (
			);
			name = "Copy Pods Resources";
			outputPaths = (
			);
			runOnlyForDeploymentPostprocessing = 0;
			shellPath = /bin/sh;
			shellScript = "\"${SRCROOT}/Pods/Pods-resources.sh\"\n";
			showEnvVarsInLog = 0;
		};
		4FFB3E91F25F49A987E601EE /* Check Pods Manifest.lock */ = {
			isa = PBXShellScriptBuildPhase;
			buildActionMask = 2147483647;
			files = (
			);
			inputPaths = (
			);
			name = "Check Pods Manifest.lock";
			outputPaths = (
			);
			runOnlyForDeploymentPostprocessing = 0;
			shellPath = /bin/sh;
			shellScript = "diff \"${PODS_ROOT}/../Podfile.lock\" \"${PODS_ROOT}/Manifest.lock\" > /dev/null\nif [[ $? != 0 ]] ; then\n    cat << EOM\nerror: The sandbox is not in sync with the Podfile.lock. Run 'pod install' or update your CocoaPods installation.\nEOM\n    exit 1\nfi\n";
			showEnvVarsInLog = 0;
		};
/* End PBXShellScriptBuildPhase section */

/* Begin PBXSourcesBuildPhase section */
		44D5B80618AF7B600034A875 /* Sources */ = {
			isa = PBXSourcesBuildPhase;
			buildActionMask = 2147483647;
			files = (
				44D5B81A18AF7B600034A875 /* main.m in Sources */,
				44D5B84D18AF84800034A875 /* EPVViewController.m in Sources */,
				44D5B81E18AF7B600034A875 /* EPVAppDelegate.m in Sources */,
			);
			runOnlyForDeploymentPostprocessing = 0;
		};
		44D5B82118AF7B600034A875 /* Sources */ = {
			isa = PBXSourcesBuildPhase;
			buildActionMask = 2147483647;
			files = (
				44D5B83318AF7B600034A875 /* RDHExpandingPickerViewsTests.m in Sources */,
			);
			runOnlyForDeploymentPostprocessing = 0;
		};
/* End PBXSourcesBuildPhase section */

/* Begin PBXTargetDependency section */
		44D5B82B18AF7B600034A875 /* PBXTargetDependency */ = {
			isa = PBXTargetDependency;
			target = 44D5B80918AF7B600034A875 /* RDHExpandingPickerViews */;
			targetProxy = 44D5B82A18AF7B600034A875 /* PBXContainerItemProxy */;
		};
/* End PBXTargetDependency section */

/* Begin PBXVariantGroup section */
		44D5B81618AF7B600034A875 /* InfoPlist.strings */ = {
			isa = PBXVariantGroup;
			children = (
				44D5B81718AF7B600034A875 /* en */,
			);
			name = InfoPlist.strings;
			sourceTree = "<group>";
		};
		44D5B82F18AF7B600034A875 /* InfoPlist.strings */ = {
			isa = PBXVariantGroup;
			children = (
				44D5B83018AF7B600034A875 /* en */,
			);
			name = InfoPlist.strings;
			sourceTree = "<group>";
		};
/* End PBXVariantGroup section */

/* Begin XCBuildConfiguration section */
		44D5B83418AF7B600034A875 /* Debug */ = {
			isa = XCBuildConfiguration;
			buildSettings = {
				ALWAYS_SEARCH_USER_PATHS = NO;
				ARCHS = "$(ARCHS_STANDARD_INCLUDING_64_BIT)";
				CLANG_CXX_LANGUAGE_STANDARD = "gnu++0x";
				CLANG_CXX_LIBRARY = "libc++";
				CLANG_ENABLE_MODULES = YES;
				CLANG_ENABLE_OBJC_ARC = YES;
				CLANG_WARN_BOOL_CONVERSION = YES;
				CLANG_WARN_CONSTANT_CONVERSION = YES;
				CLANG_WARN_DIRECT_OBJC_ISA_USAGE = YES_ERROR;
				CLANG_WARN_EMPTY_BODY = YES;
				CLANG_WARN_ENUM_CONVERSION = YES;
				CLANG_WARN_INT_CONVERSION = YES;
				CLANG_WARN_OBJC_ROOT_CLASS = YES_ERROR;
				CLANG_WARN__DUPLICATE_METHOD_MATCH = YES;
				"CODE_SIGN_IDENTITY[sdk=iphoneos*]" = "iPhone Developer";
				COPY_PHASE_STRIP = NO;
				GCC_C_LANGUAGE_STANDARD = gnu99;
				GCC_DYNAMIC_NO_PIC = NO;
				GCC_OPTIMIZATION_LEVEL = 0;
				GCC_PREPROCESSOR_DEFINITIONS = (
					"DEBUG=1",
					"$(inherited)",
				);
				GCC_SYMBOLS_PRIVATE_EXTERN = NO;
				GCC_WARN_64_TO_32_BIT_CONVERSION = YES;
				GCC_WARN_ABOUT_RETURN_TYPE = YES_ERROR;
				GCC_WARN_UNDECLARED_SELECTOR = YES;
				GCC_WARN_UNINITIALIZED_AUTOS = YES;
				GCC_WARN_UNUSED_FUNCTION = YES;
				GCC_WARN_UNUSED_VARIABLE = YES;
				IPHONEOS_DEPLOYMENT_TARGET = 7.0;
				ONLY_ACTIVE_ARCH = YES;
				SDKROOT = iphoneos;
			};
			name = Debug;
		};
		44D5B83518AF7B600034A875 /* Release */ = {
			isa = XCBuildConfiguration;
			buildSettings = {
				ALWAYS_SEARCH_USER_PATHS = NO;
				ARCHS = "$(ARCHS_STANDARD_INCLUDING_64_BIT)";
				CLANG_CXX_LANGUAGE_STANDARD = "gnu++0x";
				CLANG_CXX_LIBRARY = "libc++";
				CLANG_ENABLE_MODULES = YES;
				CLANG_ENABLE_OBJC_ARC = YES;
				CLANG_WARN_BOOL_CONVERSION = YES;
				CLANG_WARN_CONSTANT_CONVERSION = YES;
				CLANG_WARN_DIRECT_OBJC_ISA_USAGE = YES_ERROR;
				CLANG_WARN_EMPTY_BODY = YES;
				CLANG_WARN_ENUM_CONVERSION = YES;
				CLANG_WARN_INT_CONVERSION = YES;
				CLANG_WARN_OBJC_ROOT_CLASS = YES_ERROR;
				CLANG_WARN__DUPLICATE_METHOD_MATCH = YES;
				"CODE_SIGN_IDENTITY[sdk=iphoneos*]" = "iPhone Developer";
				COPY_PHASE_STRIP = YES;
				ENABLE_NS_ASSERTIONS = NO;
				GCC_C_LANGUAGE_STANDARD = gnu99;
				GCC_WARN_64_TO_32_BIT_CONVERSION = YES;
				GCC_WARN_ABOUT_RETURN_TYPE = YES_ERROR;
				GCC_WARN_UNDECLARED_SELECTOR = YES;
				GCC_WARN_UNINITIALIZED_AUTOS = YES;
				GCC_WARN_UNUSED_FUNCTION = YES;
				GCC_WARN_UNUSED_VARIABLE = YES;
				IPHONEOS_DEPLOYMENT_TARGET = 7.0;
				SDKROOT = iphoneos;
				VALIDATE_PRODUCT = YES;
			};
			name = Release;
		};
		44D5B83718AF7B600034A875 /* Debug */ = {
			isa = XCBuildConfiguration;
			baseConfigurationReference = 9240D29960E1496999656D9E /* Pods.xcconfig */;
			buildSettings = {
				ASSETCATALOG_COMPILER_APPICON_NAME = AppIcon;
				ASSETCATALOG_COMPILER_LAUNCHIMAGE_NAME = LaunchImage;
				GCC_PRECOMPILE_PREFIX_HEADER = YES;
				GCC_PREFIX_HEADER = "RDHExpandingPickerViews/RDHExpandingPickerViews-Prefix.pch";
				INFOPLIST_FILE = "RDHExpandingPickerViews/RDHExpandingPickerViews-Info.plist";
				PRODUCT_NAME = "$(TARGET_NAME)";
				WRAPPER_EXTENSION = app;
			};
			name = Debug;
		};
		44D5B83818AF7B600034A875 /* Release */ = {
			isa = XCBuildConfiguration;
			baseConfigurationReference = 9240D29960E1496999656D9E /* Pods.xcconfig */;
			buildSettings = {
				ASSETCATALOG_COMPILER_APPICON_NAME = AppIcon;
				ASSETCATALOG_COMPILER_LAUNCHIMAGE_NAME = LaunchImage;
				GCC_PRECOMPILE_PREFIX_HEADER = YES;
				GCC_PREFIX_HEADER = "RDHExpandingPickerViews/RDHExpandingPickerViews-Prefix.pch";
				INFOPLIST_FILE = "RDHExpandingPickerViews/RDHExpandingPickerViews-Info.plist";
				PRODUCT_NAME = "$(TARGET_NAME)";
				WRAPPER_EXTENSION = app;
			};
			name = Release;
		};
		44D5B83A18AF7B600034A875 /* Debug */ = {
			isa = XCBuildConfiguration;
			buildSettings = {
				ARCHS = "$(ARCHS_STANDARD_INCLUDING_64_BIT)";
				BUNDLE_LOADER = "$(BUILT_PRODUCTS_DIR)/RDHExpandingPickerViews.app/RDHExpandingPickerViews";
				FRAMEWORK_SEARCH_PATHS = (
					"$(SDKROOT)/Developer/Library/Frameworks",
					"$(inherited)",
					"$(DEVELOPER_FRAMEWORKS_DIR)",
				);
				GCC_PRECOMPILE_PREFIX_HEADER = YES;
				GCC_PREFIX_HEADER = "RDHExpandingPickerViews/RDHExpandingPickerViews-Prefix.pch";
				GCC_PREPROCESSOR_DEFINITIONS = (
					"DEBUG=1",
					"$(inherited)",
				);
				INFOPLIST_FILE = "RDHExpandingPickerViewsTests/RDHExpandingPickerViewsTests-Info.plist";
				PRODUCT_NAME = "$(TARGET_NAME)";
				TEST_HOST = "$(BUNDLE_LOADER)";
				WRAPPER_EXTENSION = xctest;
			};
			name = Debug;
		};
		44D5B83B18AF7B600034A875 /* Release */ = {
			isa = XCBuildConfiguration;
			buildSettings = {
				ARCHS = "$(ARCHS_STANDARD_INCLUDING_64_BIT)";
				BUNDLE_LOADER = "$(BUILT_PRODUCTS_DIR)/RDHExpandingPickerViews.app/RDHExpandingPickerViews";
				FRAMEWORK_SEARCH_PATHS = (
					"$(SDKROOT)/Developer/Library/Frameworks",
					"$(inherited)",
					"$(DEVELOPER_FRAMEWORKS_DIR)",
				);
				GCC_PRECOMPILE_PREFIX_HEADER = YES;
				GCC_PREFIX_HEADER = "RDHExpandingPickerViews/RDHExpandingPickerViews-Prefix.pch";
				INFOPLIST_FILE = "RDHExpandingPickerViewsTests/RDHExpandingPickerViewsTests-Info.plist";
				PRODUCT_NAME = "$(TARGET_NAME)";
				TEST_HOST = "$(BUNDLE_LOADER)";
				WRAPPER_EXTENSION = xctest;
			};
			name = Release;
		};
/* End XCBuildConfiguration section */

/* Begin XCConfigurationList section */
		44D5B80518AF7B600034A875 /* Build configuration list for PBXProject "RDHExpandingPickerViews" */ = {
			isa = XCConfigurationList;
			buildConfigurations = (
				44D5B83418AF7B600034A875 /* Debug */,
				44D5B83518AF7B600034A875 /* Release */,
			);
			defaultConfigurationIsVisible = 0;
			defaultConfigurationName = Release;
		};
		44D5B83618AF7B600034A875 /* Build configuration list for PBXNativeTarget "RDHExpandingPickerViews" */ = {
			isa = XCConfigurationList;
			buildConfigurations = (
				44D5B83718AF7B600034A875 /* Debug */,
				44D5B83818AF7B600034A875 /* Release */,
			);
			defaultConfigurationIsVisible = 0;
			defaultConfigurationName = Release;
		};
		44D5B83918AF7B600034A875 /* Build configuration list for PBXNativeTarget "RDHExpandingPickerViewsTests" */ = {
			isa = XCConfigurationList;
			buildConfigurations = (
				44D5B83A18AF7B600034A875 /* Debug */,
				44D5B83B18AF7B600034A875 /* Release */,
			);
			defaultConfigurationIsVisible = 0;
			defaultConfigurationName = Release;
		};
/* End XCConfigurationList section */
	};
	rootObject = 44D5B80218AF7B600034A875 /* Project object */;
}
